Microsoft Visual Studio Solution File, Format Version 11.00
# Visual Studio 2008

Project("{C56343EA-D306-8281-0AD3-5EA799963AF0}") = "GlobalGameJam2016", "Assembly-CSharp.csproj", "{09B76A31-93AB-F177-B975-93F8D4D1111E}"
EndProject
Global
	GlobalSection(SolutionConfigurationPlatforms) = preSolution
		Debug|Any CPU = Debug|Any CPU
		Release|Any CPU = Release|Any CPU
	EndGlobalSection
	GlobalSection(ProjectConfigurationPlatforms) = postSolution
		{09B76A31-93AB-F177-B975-93F8D4D1111E}.Debug|Any CPU.ActiveCfg = Debug|Any CPU
		{09B76A31-93AB-F177-B975-93F8D4D1111E}.Debug|Any CPU.Build.0 = Debug|Any CPU
		{09B76A31-93AB-F177-B975-93F8D4D1111E}.Release|Any CPU.ActiveCfg = Release|Any CPU
		{09B76A31-93AB-F177-B975-93F8D4D1111E}.Release|Any CPU.Build.0 = Release|Any CPU
	EndGlobalSection
	GlobalSection(SolutionProperties) = preSolution
		HideSolutionNode = FALSE
	EndGlobalSection
	GlobalSection(MonoDevelopProperties) = preSolution
		StartupItem = Assembly-CSharp.csproj
	EndGlobalSection
EndGlobal
